
Microsoft Visual Studio Solution File, Format Version 12.00
# Visual Studio Version 16
VisualStudioVersion = 16.0.31729.503
MinimumVisualStudioVersion = 10.0.40219.1
Project("{9A19103F-16F7-4668-BE54-9A1E7A4F7556}") = "CodingPractice", "CodingPractice\CodingPractice.csproj", "{A9E3904E-0A5F-4DE3-B4F2-C28ED5DA0156}"
EndProject
Project("{9A19103F-16F7-4668-BE54-9A1E7A4F7556}") = "DesignPatterns", "DesignPatterns\DesignPatterns.csproj", "{7748F14C-0368-4956-9CC9-2F81E441D212}"
EndProject
Project("{FAE04EC0-301F-11D3-BF4B-00C04F79EFBC}") = "AuthenticationBearerToken", "AuthenticationBearerToken\AuthenticationBearerToken.csproj", "{5E7AECF8-589A-425E-A3C2-033264F4AA2C}"
EndProject
Global
	GlobalSection(SolutionConfigurationPlatforms) = preSolution
		Debug|Any CPU = Debug|Any CPU
		Release|Any CPU = Release|Any CPU
	EndGlobalSection
	GlobalSection(ProjectConfigurationPlatforms) = postSolution
		{A9E3904E-0A5F-4DE3-B4F2-C28ED5DA0156}.Debug|Any CPU.ActiveCfg = Debug|Any CPU
		{A9E3904E-0A5F-4DE3-B4F2-C28ED5DA0156}.Debug|Any CPU.Build.0 = Debug|Any CPU
		{A9E3904E-0A5F-4DE3-B4F2-C28ED5DA0156}.Release|Any CPU.ActiveCfg = Release|Any CPU
		{A9E3904E-0A5F-4DE3-B4F2-C28ED5DA0156}.Release|Any CPU.Build.0 = Release|Any CPU
		{7748F14C-0368-4956-9CC9-2F81E441D212}.Debug|Any CPU.ActiveCfg = Debug|Any CPU
		{7748F14C-0368-4956-9CC9-2F81E441D212}.Debug|Any CPU.Build.0 = Debug|Any CPU
		{7748F14C-0368-4956-9CC9-2F81E441D212}.Release|Any CPU.ActiveCfg = Release|Any CPU
		{7748F14C-0368-4956-9CC9-2F81E441D212}.Release|Any CPU.Build.0 = Release|Any CPU
		{5E7AECF8-589A-425E-A3C2-033264F4AA2C}.Debug|Any CPU.ActiveCfg = Debug|Any CPU
		{5E7AECF8-589A-425E-A3C2-033264F4AA2C}.Debug|Any CPU.Build.0 = Debug|Any CPU
		{5E7AECF8-589A-425E-A3C2-033264F4AA2C}.Release|Any CPU.ActiveCfg = Release|Any CPU
		{5E7AECF8-589A-425E-A3C2-033264F4AA2C}.Release|Any CPU.Build.0 = Release|Any CPU
	EndGlobalSection
	GlobalSection(SolutionProperties) = preSolution
		HideSolutionNode = FALSE
	EndGlobalSection
	GlobalSection(ExtensibilityGlobals) = postSolution
		SolutionGuid = {55572BC6-7056-4040-B7DA-C8AD0F6C1D0A}
	EndGlobalSection
EndGlobal
